
Microsoft Visual Studio Solution File, Format Version 12.00
# Visual Studio Version 17
VisualStudioVersion = 17.14.36202.13
MinimumVisualStudioVersion = 10.0.40219.1
Project("{FAE04EC0-301F-11D3-BF4B-00C04F79EFBC}") = "TaskManager", "TaskManager\TaskManager.csproj", "{4BAD21B5-54EB-4AE2-BAE4-BCE7D8C63826}"
EndProject
Project("{FAE04EC0-301F-11D3-BF4B-00C04F79EFBC}") = "ApplicationLayer", "ApplicationLayer\ApplicationLayer.csproj", "{00D33FFB-D30A-4605-92A6-F0EAB3EC77BF}"
EndProject
Project("{FAE04EC0-301F-11D3-BF4B-00C04F79EFBC}") = "DomainLayer", "DomainLayer\DomainLayer.csproj", "{4BE9594F-24C2-4295-B900-A342A8F4BD54}"
EndProject
Project("{FAE04EC0-301F-11D3-BF4B-00C04F79EFBC}") = "InfrastructureLayer", "InfrastructureLayer\InfrastructureLayer.csproj", "{DF1C4288-1A4E-496B-9C4C-57FAFD0A76E1}"
EndProject
Project("{FAE04EC0-301F-11D3-BF4B-00C04F79EFBC}") = "TaskServicesTest", "Pruebas xUnit\TaskServicesTest.csproj", "{41C0A7BD-508F-4AF9-8F60-EFC6E323BE99}"
EndProject
Global
	GlobalSection(SolutionConfigurationPlatforms) = preSolution
		Debug|Any CPU = Debug|Any CPU
		Release|Any CPU = Release|Any CPU
	EndGlobalSection
	GlobalSection(ProjectConfigurationPlatforms) = postSolution
		{4BAD21B5-54EB-4AE2-BAE4-BCE7D8C63826}.Debug|Any CPU.ActiveCfg = Debug|Any CPU
		{4BAD21B5-54EB-4AE2-BAE4-BCE7D8C63826}.Debug|Any CPU.Build.0 = Debug|Any CPU
		{4BAD21B5-54EB-4AE2-BAE4-BCE7D8C63826}.Release|Any CPU.ActiveCfg = Release|Any CPU
		{4BAD21B5-54EB-4AE2-BAE4-BCE7D8C63826}.Release|Any CPU.Build.0 = Release|Any CPU
		{00D33FFB-D30A-4605-92A6-F0EAB3EC77BF}.Debug|Any CPU.ActiveCfg = Debug|Any CPU
		{00D33FFB-D30A-4605-92A6-F0EAB3EC77BF}.Debug|Any CPU.Build.0 = Debug|Any CPU
		{00D33FFB-D30A-4605-92A6-F0EAB3EC77BF}.Release|Any CPU.ActiveCfg = Release|Any CPU
		{00D33FFB-D30A-4605-92A6-F0EAB3EC77BF}.Release|Any CPU.Build.0 = Release|Any CPU
		{4BE9594F-24C2-4295-B900-A342A8F4BD54}.Debug|Any CPU.ActiveCfg = Debug|Any CPU
		{4BE9594F-24C2-4295-B900-A342A8F4BD54}.Debug|Any CPU.Build.0 = Debug|Any CPU
		{4BE9594F-24C2-4295-B900-A342A8F4BD54}.Release|Any CPU.ActiveCfg = Release|Any CPU
		{4BE9594F-24C2-4295-B900-A342A8F4BD54}.Release|Any CPU.Build.0 = Release|Any CPU
		{DF1C4288-1A4E-496B-9C4C-57FAFD0A76E1}.Debug|Any CPU.ActiveCfg = Debug|Any CPU
		{DF1C4288-1A4E-496B-9C4C-57FAFD0A76E1}.Debug|Any CPU.Build.0 = Debug|Any CPU
		{DF1C4288-1A4E-496B-9C4C-57FAFD0A76E1}.Release|Any CPU.ActiveCfg = Release|Any CPU
		{DF1C4288-1A4E-496B-9C4C-57FAFD0A76E1}.Release|Any CPU.Build.0 = Release|Any CPU
		{41C0A7BD-508F-4AF9-8F60-EFC6E323BE99}.Debug|Any CPU.ActiveCfg = Debug|Any CPU
		{41C0A7BD-508F-4AF9-8F60-EFC6E323BE99}.Debug|Any CPU.Build.0 = Debug|Any CPU
		{41C0A7BD-508F-4AF9-8F60-EFC6E323BE99}.Release|Any CPU.ActiveCfg = Release|Any CPU
		{41C0A7BD-508F-4AF9-8F60-EFC6E323BE99}.Release|Any CPU.Build.0 = Release|Any CPU
	EndGlobalSection
	GlobalSection(SolutionProperties) = preSolution
		HideSolutionNode = FALSE
	EndGlobalSection
	GlobalSection(ExtensibilityGlobals) = postSolution
		SolutionGuid = {CDD6E40F-5DFC-4D18-9556-DF6EA5E6B5A2}
	EndGlobalSection
EndGlobal
